# This file was autogenerated by Stack.
# You should not edit this file by hand.
# For more information, please see the documentation at:
#   https://docs.haskellstack.org/en/stable/lock_files

packages: []
snapshots:
- completed:
    size: 504389
    url: https://raw.githubusercontent.com/commercialhaskell/stackage-snapshots/master/nightly/2019/2/4.yaml
    sha256: 1655863560f2fc74289dfa69966dccafdd558576bf51c1aaef70c3ceb2864b4c
  original: nightly-2019-02-04
